// !$*UTF8*$!
{
	archiveVersion = 1;
	classes = {
	};
	objectVersion = 45;
	objects = {

/* Begin PBXBuildFile section */
		1DDD58160DA1D0A300B32029 /* MainMenu.xib in Resources */ = {isa = PBXBuildFile; fileRef = 1DDD58140DA1D0A300B32029 /* MainMenu.xib */; };
		256AC3DA0F4B6AC300CF3369 /* OhThouAppDelegate.m in Sources */ = {isa = PBXBuildFile; fileRef = 256AC3D90F4B6AC300CF3369 /* OhThouAppDelegate.m */; };
		3E3EEACB129E10D80068D3BE /* XMPPManager.m in Sources */ = {isa = PBXBuildFile; fileRef = 3E3EEACA129E10D80068D3BE /* XMPPManager.m */; };
		3E53D698129F250400418D77 /* (h)_5.png in Resources */ = {isa = PBXBuildFile; fileRef = 3E53D692129F250400418D77 /* (h)_5.png */; };
		3E53D699129F250400418D77 /* (h)_6.png in Resources */ = {isa = PBXBuildFile; fileRef = 3E53D693129F250400418D77 /* (h)_6.png */; };
		3E53D69A129F250400418D77 /* (h)_7.png in Resources */ = {isa = PBXBuildFile; fileRef = 3E53D694129F250400418D77 /* (h)_7.png */; };
		3E53D69B129F250400418D77 /* (h)_8.png in Resources */ = {isa = PBXBuildFile; fileRef = 3E53D695129F250400418D77 /* (h)_8.png */; };
		3E53D69C129F250400418D77 /* (h)_9.png in Resources */ = {isa = PBXBuildFile; fileRef = 3E53D696129F250400418D77 /* (h)_9.png */; };
		3E53D69D129F250400418D77 /* (h)_10.png in Resources */ = {isa = PBXBuildFile; fileRef = 3E53D697129F250400418D77 /* (h)_10.png */; };
		3E53D6A3129F256400418D77 /* (h)_offline.png in Resources */ = {isa = PBXBuildFile; fileRef = 3E53D6A2129F256400418D77 /* (h)_offline.png */; };
		3E61E12212A021460004710B /* doubleheart.icns in Resources */ = {isa = PBXBuildFile; fileRef = 3E61E12112A021460004710B /* doubleheart.icns */; };
		3EAE7F68129EED5700C9FA31 /* NSObject+SBJSON.m in Sources */ = {isa = PBXBuildFile; fileRef = 3EAE7F5F129EED5700C9FA31 /* NSObject+SBJSON.m */; };
		3EAE7F69129EED5700C9FA31 /* NSString+SBJSON.m in Sources */ = {isa = PBXBuildFile; fileRef = 3EAE7F61129EED5700C9FA31 /* NSString+SBJSON.m */; };
		3EAE7F6A129EED5700C9FA31 /* SBJsonBase.m in Sources */ = {isa = PBXBuildFile; fileRef = 3EAE7F63129EED5700C9FA31 /* SBJsonBase.m */; };
		3EAE7F6B129EED5700C9FA31 /* SBJsonParser.m in Sources */ = {isa = PBXBuildFile; fileRef = 3EAE7F65129EED5700C9FA31 /* SBJsonParser.m */; };
		3EAE7F6C129EED5700C9FA31 /* SBJsonWriter.m in Sources */ = {isa = PBXBuildFile; fileRef = 3EAE7F67129EED5700C9FA31 /* SBJsonWriter.m */; };
		3EAE802F129F00BC00C9FA31 /* AcceptPartnerWindowController.m in Sources */ = {isa = PBXBuildFile; fileRef = 3EAE802E129F00BC00C9FA31 /* AcceptPartnerWindowController.m */; };
		3EAE8031129F00CC00C9FA31 /* AcceptPartnerWindow.xib in Resources */ = {isa = PBXBuildFile; fileRef = 3EAE8030129F00CC00C9FA31 /* AcceptPartnerWindow.xib */; };
		3EAE8168129F0F4500C9FA31 /* (h).png in Resources */ = {isa = PBXBuildFile; fileRef = 3EAE8167129F0F4500C9FA31 /* (h).png */; };
		3EAE81FA129F149900C9FA31 /* Friend.m in Sources */ = {isa = PBXBuildFile; fileRef = 3EAE81F9129F149900C9FA31 /* Friend.m */; };
		3EAFFAEC129ED35A004D0AFB /* BWToolkitFramework.framework in Frameworks */ = {isa = PBXBuildFile; fileRef = 3EAFFAEB129ED35A004D0AFB /* BWToolkitFramework.framework */; };
		3EAFFAEE129ED36D004D0AFB /* BWToolkitFramework.framework in CopyFiles */ = {isa = PBXBuildFile; fileRef = 3EAFFAEB129ED35A004D0AFB /* BWToolkitFramework.framework */; };
		3EAFFB00129ED9A0004D0AFB /* Collaboration.framework in Frameworks */ = {isa = PBXBuildFile; fileRef = 3EAFFAFF129ED9A0004D0AFB /* Collaboration.framework */; };
		3EAFFB0E129EDB27004D0AFB /* Quartz.framework in Frameworks */ = {isa = PBXBuildFile; fileRef = 3EAFFB0D129EDB27004D0AFB /* Quartz.framework */; };
		3EAFFBD1129EEA7D004D0AFB /* CoreServices.framework in Frameworks */ = {isa = PBXBuildFile; fileRef = 3EAFFBD0129EEA7D004D0AFB /* CoreServices.framework */; };
		3EAFFC21129EEB32004D0AFB /* ASIDataCompressor.m in Sources */ = {isa = PBXBuildFile; fileRef = 3EAFFBF1129EEB32004D0AFB /* ASIDataCompressor.m */; };
		3EAFFC22129EEB32004D0AFB /* ASIDataDecompressor.m in Sources */ = {isa = PBXBuildFile; fileRef = 3EAFFBF3129EEB32004D0AFB /* ASIDataDecompressor.m */; };
		3EAFFC23129EEB32004D0AFB /* ASIDownloadCache.m in Sources */ = {isa = PBXBuildFile; fileRef = 3EAFFBF5129EEB32004D0AFB /* ASIDownloadCache.m */; };
		3EAFFC24129EEB32004D0AFB /* ASIFormDataRequest.m in Sources */ = {isa = PBXBuildFile; fileRef = 3EAFFBF7129EEB32004D0AFB /* ASIFormDataRequest.m */; };
		3EAFFC25129EEB32004D0AFB /* ASIHTTPRequest.m in Sources */ = {isa = PBXBuildFile; fileRef = 3EAFFBF9129EEB32004D0AFB /* ASIHTTPRequest.m */; };
		3EAFFC26129EEB32004D0AFB /* ASIInputStream.m in Sources */ = {isa = PBXBuildFile; fileRef = 3EAFFBFD129EEB32004D0AFB /* ASIInputStream.m */; };
		3EAFFC27129EEB32004D0AFB /* ASINetworkQueue.m in Sources */ = {isa = PBXBuildFile; fileRef = 3EAFFBFF129EEB32004D0AFB /* ASINetworkQueue.m */; };
		3EAFFC28129EEB32004D0AFB /* ASIWebPageRequest.m in Sources */ = {isa = PBXBuildFile; fileRef = 3EAFFC02129EEB32004D0AFB /* ASIWebPageRequest.m */; };
		3EAFFC29129EEB32004D0AFB /* ASICloudFilesCDNRequest.m in Sources */ = {isa = PBXBuildFile; fileRef = 3EAFFC05129EEB32004D0AFB /* ASICloudFilesCDNRequest.m */; };
		3EAFFC2A129EEB32004D0AFB /* ASICloudFilesContainer.m in Sources */ = {isa = PBXBuildFile; fileRef = 3EAFFC07129EEB32004D0AFB /* ASICloudFilesContainer.m */; };
		3EAFFC2B129EEB32004D0AFB /* ASICloudFilesContainerRequest.m in Sources */ = {isa = PBXBuildFile; fileRef = 3EAFFC09129EEB32004D0AFB /* ASICloudFilesContainerRequest.m */; };
		3EAFFC2C129EEB32004D0AFB /* ASICloudFilesContainerXMLParserDelegate.m in Sources */ = {isa = PBXBuildFile; fileRef = 3EAFFC0B129EEB32004D0AFB /* ASICloudFilesContainerXMLParserDelegate.m */; };
		3EAFFC2D129EEB32004D0AFB /* ASICloudFilesObject.m in Sources */ = {isa = PBXBuildFile; fileRef = 3EAFFC0D129EEB32004D0AFB /* ASICloudFilesObject.m */; };
		3EAFFC2E129EEB32004D0AFB /* ASICloudFilesObjectRequest.m in Sources */ = {isa = PBXBuildFile; fileRef = 3EAFFC0F129EEB32004D0AFB /* ASICloudFilesObjectRequest.m */; };
		3EAFFC2F129EEB32004D0AFB /* ASICloudFilesRequest.m in Sources */ = {isa = PBXBuildFile; fileRef = 3EAFFC11129EEB32004D0AFB /* ASICloudFilesRequest.m */; };
		3EAFFC30129EEB32004D0AFB /* ASIS3Bucket.m in Sources */ = {isa = PBXBuildFile; fileRef = 3EAFFC15129EEB32004D0AFB /* ASIS3Bucket.m */; };
		3EAFFC31129EEB32004D0AFB /* ASIS3BucketObject.m in Sources */ = {isa = PBXBuildFile; fileRef = 3EAFFC17129EEB32004D0AFB /* ASIS3BucketObject.m */; };
		3EAFFC32129EEB32004D0AFB /* ASIS3BucketRequest.m in Sources */ = {isa = PBXBuildFile; fileRef = 3EAFFC19129EEB32004D0AFB /* ASIS3BucketRequest.m */; };
		3EAFFC33129EEB32004D0AFB /* ASIS3ObjectRequest.m in Sources */ = {isa = PBXBuildFile; fileRef = 3EAFFC1B129EEB32004D0AFB /* ASIS3ObjectRequest.m */; };
		3EAFFC34129EEB32004D0AFB /* ASIS3Request.m in Sources */ = {isa = PBXBuildFile; fileRef = 3EAFFC1D129EEB32004D0AFB /* ASIS3Request.m */; };
		3EAFFC35129EEB32004D0AFB /* ASIS3ServiceRequest.m in Sources */ = {isa = PBXBuildFile; fileRef = 3EAFFC1F129EEB32004D0AFB /* ASIS3ServiceRequest.m */; };
		3EAFFC3B129EEB66004D0AFB /* libz.1.2.3.dylib in Frameworks */ = {isa = PBXBuildFile; fileRef = 3EAFFC3A129EEB66004D0AFB /* libz.1.2.3.dylib */; };
		3ED3CDF6129E0A20008BE728 /* SSCrypto.m in Sources */ = {isa = PBXBuildFile; fileRef = 3ED3CD9D129E0A20008BE728 /* SSCrypto.m */; };
		3ED3CDF7129E0A20008BE728 /* AsyncSocket.m in Sources */ = {isa = PBXBuildFile; fileRef = 3ED3CDA3129E0A20008BE728 /* AsyncSocket.m */; };
		3ED3CDF8129E0A20008BE728 /* DDNumber.m in Sources */ = {isa = PBXBuildFile; fileRef = 3ED3CDA6129E0A20008BE728 /* DDNumber.m */; };
		3ED3CDF9129E0A20008BE728 /* NSDataAdditions.m in Sources */ = {isa = PBXBuildFile; fileRef = 3ED3CDA8129E0A20008BE728 /* NSDataAdditions.m */; };
		3ED3CDFA129E0A20008BE728 /* NSXMLElementAdditions.m in Sources */ = {isa = PBXBuildFile; fileRef = 3ED3CDAA129E0A20008BE728 /* NSXMLElementAdditions.m */; };
		3ED3CDFB129E0A20008BE728 /* LibIDN.m in Sources */ = {isa = PBXBuildFile; fileRef = 3ED3CDAE129E0A20008BE728 /* LibIDN.m */; };
		3ED3CDFC129E0A20008BE728 /* MulticastDelegate.m in Sources */ = {isa = PBXBuildFile; fileRef = 3ED3CDB0129E0A20008BE728 /* MulticastDelegate.m */; };
		3ED3CDFD129E0A20008BE728 /* RFSRVResolver.m in Sources */ = {isa = PBXBuildFile; fileRef = 3ED3CDB2129E0A20008BE728 /* RFSRVResolver.m */; };
		3ED3CDFE129E0A20008BE728 /* XMPPParser.m in Sources */ = {isa = PBXBuildFile; fileRef = 3ED3CDB6129E0A20008BE728 /* XMPPParser.m */; };
		3ED3CDFF129E0A20008BE728 /* XMPPStream.m in Sources */ = {isa = PBXBuildFile; fileRef = 3ED3CDB8129E0A20008BE728 /* XMPPStream.m */; };
		3ED3CE00129E0A20008BE728 /* XMPPJID.m in Sources */ = {isa = PBXBuildFile; fileRef = 3ED3CDBA129E0A20008BE728 /* XMPPJID.m */; };
		3ED3CE01129E0A20008BE728 /* XMPPElement.m in Sources */ = {isa = PBXBuildFile; fileRef = 3ED3CDBC129E0A20008BE728 /* XMPPElement.m */; };
		3ED3CE02129E0A20008BE728 /* XMPPIQ.m in Sources */ = {isa = PBXBuildFile; fileRef = 3ED3CDBE129E0A20008BE728 /* XMPPIQ.m */; };
		3ED3CE03129E0A20008BE728 /* XMPPMessage.m in Sources */ = {isa = PBXBuildFile; fileRef = 3ED3CDC0129E0A20008BE728 /* XMPPMessage.m */; };
		3ED3CE04129E0A20008BE728 /* XMPPPresence.m in Sources */ = {isa = PBXBuildFile; fileRef = 3ED3CDC2129E0A20008BE728 /* XMPPPresence.m */; };
		3ED3CE05129E0A20008BE728 /* XMPPReconnect.m in Sources */ = {isa = PBXBuildFile; fileRef = 3ED3CDC4129E0A20008BE728 /* XMPPReconnect.m */; };
		3ED3CE06129E0A20008BE728 /* XMPPModule.m in Sources */ = {isa = PBXBuildFile; fileRef = 3ED3CDC6129E0A20008BE728 /* XMPPModule.m */; };
		3ED3CE07129E0A20008BE728 /* XMPPRoster.m in Sources */ = {isa = PBXBuildFile; fileRef = 3ED3CDC9129E0A20008BE728 /* XMPPRoster.m */; };
		3ED3CE08129E0A20008BE728 /* XMPPRosterMemoryStorage.m in Sources */ = {isa = PBXBuildFile; fileRef = 3ED3CDD0129E0A20008BE728 /* XMPPRosterMemoryStorage.m */; };
		3ED3CE09129E0A20008BE728 /* XMPPUserMemoryStorage.m in Sources */ = {isa = PBXBuildFile; fileRef = 3ED3CDD2129E0A20008BE728 /* XMPPUserMemoryStorage.m */; };
		3ED3CE0A129E0A20008BE728 /* XMPPResourceMemoryStorage.m in Sources */ = {isa = PBXBuildFile; fileRef = 3ED3CDD4129E0A20008BE728 /* XMPPResourceMemoryStorage.m */; };
		3ED3CE0B129E0A20008BE728 /* XMPPDateTimeProfiles.m in Sources */ = {isa = PBXBuildFile; fileRef = 3ED3CDD8129E0A20008BE728 /* XMPPDateTimeProfiles.m */; };
		3ED3CE0C129E0A20008BE728 /* XMPPPubSub.m in Sources */ = {isa = PBXBuildFile; fileRef = 3ED3CDDB129E0A20008BE728 /* XMPPPubSub.m */; };
		3ED3CE0D129E0A20008BE728 /* TURNSocket.m in Sources */ = {isa = PBXBuildFile; fileRef = 3ED3CDDE129E0A20008BE728 /* TURNSocket.m */; };
		3ED3CE0E129E0A20008BE728 /* XMPPTransports.m in Sources */ = {isa = PBXBuildFile; fileRef = 3ED3CDE1129E0A20008BE728 /* XMPPTransports.m */; };
		3ED3CE0F129E0A20008BE728 /* XMPPCapabilities.m in Sources */ = {isa = PBXBuildFile; fileRef = 3ED3CDE4129E0A20008BE728 /* XMPPCapabilities.m */; };
		3ED3CE10129E0A20008BE728 /* XMPPCapabilitiesCoreDataStorage.m in Sources */ = {isa = PBXBuildFile; fileRef = 3ED3CDE7129E0A20008BE728 /* XMPPCapabilitiesCoreDataStorage.m */; };
		3ED3CE11129E0A20008BE728 /* XMPPCapabilities.xcdatamodel in Sources */ = {isa = PBXBuildFile; fileRef = 3ED3CDE8129E0A20008BE728 /* XMPPCapabilities.xcdatamodel */; };
		3ED3CE12129E0A20008BE728 /* XMPPCapsCoreDataStorageObject.m in Sources */ = {isa = PBXBuildFile; fileRef = 3ED3CDEA129E0A20008BE728 /* XMPPCapsCoreDataStorageObject.m */; };
		3ED3CE13129E0A20008BE728 /* XMPPCapsResourceCoreDataStorageObject.m in Sources */ = {isa = PBXBuildFile; fileRef = 3ED3CDEC129E0A20008BE728 /* XMPPCapsResourceCoreDataStorageObject.m */; };
		3ED3CE14129E0A20008BE728 /* XMPPPing.m in Sources */ = {isa = PBXBuildFile; fileRef = 3ED3CDEF129E0A20008BE728 /* XMPPPing.m */; };
		3ED3CE15129E0A20008BE728 /* XMPPTime.m in Sources */ = {isa = PBXBuildFile; fileRef = 3ED3CDF2129E0A20008BE728 /* XMPPTime.m */; };
		3ED3CE16129E0A20008BE728 /* XMPPElement+Delay.m in Sources */ = {isa = PBXBuildFile; fileRef = 3ED3CDF5129E0A20008BE728 /* XMPPElement+Delay.m */; };
		3ED3CE1B129E0A2D008BE728 /* SystemConfiguration.framework in Frameworks */ = {isa = PBXBuildFile; fileRef = 3ED3CE1A129E0A2D008BE728 /* SystemConfiguration.framework */; };
		3ED3CE1D129E0A39008BE728 /* libcrypto.dylib in Frameworks */ = {isa = PBXBuildFile; fileRef = 3ED3CE1C129E0A39008BE728 /* libcrypto.dylib */; };
		3ED3CE1F129E0A4A008BE728 /* libxml2.dylib in Frameworks */ = {isa = PBXBuildFile; fileRef = 3ED3CE1E129E0A4A008BE728 /* libxml2.dylib */; };
		3ED3CE22129E0A88008BE728 /* libidn.a in Frameworks */ = {isa = PBXBuildFile; fileRef = 3ED3CE21129E0A88008BE728 /* libidn.a */; };
		3ED3CE24129E0A91008BE728 /* libresolv.dylib in Frameworks */ = {isa = PBXBuildFile; fileRef = 3ED3CE23129E0A91008BE728 /* libresolv.dylib */; };
		3EDFD60B129F6E44001059B8 /* heart.icns in Resources */ = {isa = PBXBuildFile; fileRef = 3EDFD60A129F6E44001059B8 /* heart.icns */; };
		3EDFD66A129F81DD001059B8 /* hearts_together.png in Resources */ = {isa = PBXBuildFile; fileRef = 3EDFD669129F81DD001059B8 /* hearts_together.png */; };
		8D11072B0486CEB800E47090 /* InfoPlist.strings in Resources */ = {isa = PBXBuildFile; fileRef = 089C165CFE840E0CC02AAC07 /* InfoPlist.strings */; };
		8D11072D0486CEB800E47090 /* main.m in Sources */ = {isa = PBXBuildFile; fileRef = 29B97316FDCFA39411CA2CEA /* main.m */; settings = {ATTRIBUTES = (); }; };
		8D11072F0486CEB800E47090 /* Cocoa.framework in Frameworks */ = {isa = PBXBuildFile; fileRef = 1058C7A1FEA54F0111CA2CBB /* Cocoa.framework */; };
/* End PBXBuildFile section */

/* Begin PBXCopyFilesBuildPhase section */
		3EAFFAF3129ED370004D0AFB /* CopyFiles */ = {
			isa = PBXCopyFilesBuildPhase;
			buildActionMask = 2147483647;
			dstPath = "";
			dstSubfolderSpec = 10;
			files = (
				3EAFFAEE129ED36D004D0AFB /* BWToolkitFramework.framework in CopyFiles */,
			);
			runOnlyForDeploymentPostprocessing = 0;
		};
/* End PBXCopyFilesBuildPhase section */

/* Begin PBXFileReference section */
		089C165DFE840E0CC02AAC07 /* English */ = {isa = PBXFileReference; fileEncoding = 4; lastKnownFileType = text.plist.strings; name = English; path = English.lproj/InfoPlist.strings; sourceTree = "<group>"; };
		1058C7A1FEA54F0111CA2CBB /* Cocoa.framework */ = {isa = PBXFileReference; lastKnownFileType = wrapper.framework; name = Cocoa.framework; path = /System/Library/Frameworks/Cocoa.framework; sourceTree = "<absolute>"; };
		13E42FB307B3F0F600E4EEF1 /* CoreData.framework */ = {isa = PBXFileReference; lastKnownFileType = wrapper.framework; name = CoreData.framework; path = /System/Library/Frameworks/CoreData.framework; sourceTree = "<absolute>"; };
		1DDD58150DA1D0A300B32029 /* English */ = {isa = PBXFileReference; lastKnownFileType = file.xib; name = English; path = English.lproj/MainMenu.xib; sourceTree = "<group>"; };
		256AC3D80F4B6AC300CF3369 /* OhThouAppDelegate.h */ = {isa = PBXFileReference; fileEncoding = 4; lastKnownFileType = sourcecode.c.h; path = OhThouAppDelegate.h; sourceTree = "<group>"; };
		256AC3D90F4B6AC300CF3369 /* OhThouAppDelegate.m */ = {isa = PBXFileReference; fileEncoding = 4; lastKnownFileType = sourcecode.c.objc; path = OhThouAppDelegate.m; sourceTree = "<group>"; };
		256AC3F00F4B6AF500CF3369 /* OhThou_Prefix.pch */ = {isa = PBXFileReference; fileEncoding = 4; lastKnownFileType = sourcecode.c.h; path = OhThou_Prefix.pch; sourceTree = "<group>"; };
		29B97316FDCFA39411CA2CEA /* main.m */ = {isa = PBXFileReference; fileEncoding = 4; lastKnownFileType = sourcecode.c.objc; path = main.m; sourceTree = "<group>"; };
		29B97324FDCFA39411CA2CEA /* AppKit.framework */ = {isa = PBXFileReference; lastKnownFileType = wrapper.framework; name = AppKit.framework; path = /System/Library/Frameworks/AppKit.framework; sourceTree = "<absolute>"; };
		29B97325FDCFA39411CA2CEA /* Foundation.framework */ = {isa = PBXFileReference; lastKnownFileType = wrapper.framework; name = Foundation.framework; path = /System/Library/Frameworks/Foundation.framework; sourceTree = "<absolute>"; };
		3E3EEAC9129E10D80068D3BE /* XMPPManager.h */ = {isa = PBXFileReference; fileEncoding = 4; lastKnownFileType = sourcecode.c.h; path = XMPPManager.h; sourceTree = "<group>"; };
		3E3EEACA129E10D80068D3BE /* XMPPManager.m */ = {isa = PBXFileReference; fileEncoding = 4; lastKnownFileType = sourcecode.c.objc; path = XMPPManager.m; sourceTree = "<group>"; };
		3E53D692129F250400418D77 /* (h)_5.png */ = {isa = PBXFileReference; lastKnownFileType = image.png; path = "(h)_5.png"; sourceTree = "<group>"; };
		3E53D693129F250400418D77 /* (h)_6.png */ = {isa = PBXFileReference; lastKnownFileType = image.png; path = "(h)_6.png"; sourceTree = "<group>"; };
		3E53D694129F250400418D77 /* (h)_7.png */ = {isa = PBXFileReference; lastKnownFileType = image.png; path = "(h)_7.png"; sourceTree = "<group>"; };
		3E53D695129F250400418D77 /* (h)_8.png */ = {isa = PBXFileReference; lastKnownFileType = image.png; path = "(h)_8.png"; sourceTree = "<group>"; };
		3E53D696129F250400418D77 /* (h)_9.png */ = {isa = PBXFileReference; lastKnownFileType = image.png; path = "(h)_9.png"; sourceTree = "<group>"; };
		3E53D697129F250400418D77 /* (h)_10.png */ = {isa = PBXFileReference; lastKnownFileType = image.png; path = "(h)_10.png"; sourceTree = "<group>"; };
		3E53D6A2129F256400418D77 /* (h)_offline.png */ = {isa = PBXFileReference; lastKnownFileType = image.png; path = "(h)_offline.png"; sourceTree = "<group>"; };
		3E61E12112A021460004710B /* doubleheart.icns */ = {isa = PBXFileReference; lastKnownFileType = image.icns; path = doubleheart.icns; sourceTree = "<group>"; };
		3EAE7F5D129EED5700C9FA31 /* JSON.h */ = {isa = PBXFileReference; fileEncoding = 4; lastKnownFileType = sourcecode.c.h; path = JSON.h; sourceTree = "<group>"; };
		3EAE7F5E129EED5700C9FA31 /* NSObject+SBJSON.h */ = {isa = PBXFileReference; fileEncoding = 4; lastKnownFileType = sourcecode.c.h; path = "NSObject+SBJSON.h"; sourceTree = "<group>"; };
		3EAE7F5F129EED5700C9FA31 /* NSObject+SBJSON.m */ = {isa = PBXFileReference; fileEncoding = 4; lastKnownFileType = sourcecode.c.objc; path = "NSObject+SBJSON.m"; sourceTree = "<group>"; };
		3EAE7F60129EED5700C9FA31 /* NSString+SBJSON.h */ = {isa = PBXFileReference; fileEncoding = 4; lastKnownFileType = sourcecode.c.h; path = "NSString+SBJSON.h"; sourceTree = "<group>"; };
		3EAE7F61129EED5700C9FA31 /* NSString+SBJSON.m */ = {isa = PBXFileReference; fileEncoding = 4; lastKnownFileType = sourcecode.c.objc; path = "NSString+SBJSON.m"; sourceTree = "<group>"; };
		3EAE7F62129EED5700C9FA31 /* SBJsonBase.h */ = {isa = PBXFileReference; fileEncoding = 4; lastKnownFileType = sourcecode.c.h; path = SBJsonBase.h; sourceTree = "<group>"; };
		3EAE7F63129EED5700C9FA31 /* SBJsonBase.m */ = {isa = PBXFileReference; fileEncoding = 4; lastKnownFileType = sourcecode.c.objc; path = SBJsonBase.m; sourceTree = "<group>"; };
		3EAE7F64129EED5700C9FA31 /* SBJsonParser.h */ = {isa = PBXFileReference; fileEncoding = 4; lastKnownFileType = sourcecode.c.h; path = SBJsonParser.h; sourceTree = "<group>"; };
		3EAE7F65129EED5700C9FA31 /* SBJsonParser.m */ = {isa = PBXFileReference; fileEncoding = 4; lastKnownFileType = sourcecode.c.objc; path = SBJsonParser.m; sourceTree = "<group>"; };
		3EAE7F66129EED5700C9FA31 /* SBJsonWriter.h */ = {isa = PBXFileReference; fileEncoding = 4; lastKnownFileType = sourcecode.c.h; path = SBJsonWriter.h; sourceTree = "<group>"; };
		3EAE7F67129EED5700C9FA31 /* SBJsonWriter.m */ = {isa = PBXFileReference; fileEncoding = 4; lastKnownFileType = sourcecode.c.objc; path = SBJsonWriter.m; sourceTree = "<group>"; };
		3EAE802D129F00BC00C9FA31 /* AcceptPartnerWindowController.h */ = {isa = PBXFileReference; fileEncoding = 4; lastKnownFileType = sourcecode.c.h; path = AcceptPartnerWindowController.h; sourceTree = "<group>"; };
		3EAE802E129F00BC00C9FA31 /* AcceptPartnerWindowController.m */ = {isa = PBXFileReference; fileEncoding = 4; lastKnownFileType = sourcecode.c.objc; path = AcceptPartnerWindowController.m; sourceTree = "<group>"; };
		3EAE8030129F00CC00C9FA31 /* AcceptPartnerWindow.xib */ = {isa = PBXFileReference; lastKnownFileType = file.xib; path = AcceptPartnerWindow.xib; sourceTree = "<group>"; };
		3EAE8167129F0F4500C9FA31 /* (h).png */ = {isa = PBXFileReference; lastKnownFileType = image.png; path = "(h).png"; sourceTree = "<group>"; };
		3EAE81F8129F149900C9FA31 /* Friend.h */ = {isa = PBXFileReference; fileEncoding = 4; lastKnownFileType = sourcecode.c.h; path = Friend.h; sourceTree = "<group>"; };
		3EAE81F9129F149900C9FA31 /* Friend.m */ = {isa = PBXFileReference; fileEncoding = 4; lastKnownFileType = sourcecode.c.objc; path = Friend.m; sourceTree = "<group>"; };
		3EAFFAEB129ED35A004D0AFB /* BWToolkitFramework.framework */ = {isa = PBXFileReference; lastKnownFileType = wrapper.framework; name = BWToolkitFramework.framework; path = BWToolkit/BWToolkitFramework.framework; sourceTree = "<group>"; };
		3EAFFAFF129ED9A0004D0AFB /* Collaboration.framework */ = {isa = PBXFileReference; lastKnownFileType = wrapper.framework; name = Collaboration.framework; path = System/Library/Frameworks/Collaboration.framework; sourceTree = SDKROOT; };
		3EAFFB0D129EDB27004D0AFB /* Quartz.framework */ = {isa = PBXFileReference; lastKnownFileType = wrapper.framework; name = Quartz.framework; path = System/Library/Frameworks/Quartz.framework; sourceTree = SDKROOT; };
		3EAFFBD0129EEA7D004D0AFB /* CoreServices.framework */ = {isa = PBXFileReference; lastKnownFileType = wrapper.framework; name = CoreServices.framework; path = System/Library/Frameworks/CoreServices.framework; sourceTree = SDKROOT; };
		3EAFFBEF129EEB32004D0AFB /* ASICacheDelegate.h */ = {isa = PBXFileReference; fileEncoding = 4; lastKnownFileType = sourcecode.c.h; path = ASICacheDelegate.h; sourceTree = "<group>"; };
		3EAFFBF0129EEB32004D0AFB /* ASIDataCompressor.h */ = {isa = PBXFileReference; fileEncoding = 4; lastKnownFileType = sourcecode.c.h; path = ASIDataCompressor.h; sourceTree = "<group>"; };
		3EAFFBF1129EEB32004D0AFB /* ASIDataCompressor.m */ = {isa = PBXFileReference; fileEncoding = 4; lastKnownFileType = sourcecode.c.objc; path = ASIDataCompressor.m; sourceTree = "<group>"; };
		3EAFFBF2129EEB32004D0AFB /* ASIDataDecompressor.h */ = {isa = PBXFileReference; fileEncoding = 4; lastKnownFileType = sourcecode.c.h; path = ASIDataDecompressor.h; sourceTree = "<group>"; };
		3EAFFBF3129EEB32004D0AFB /* ASIDataDecompressor.m */ = {isa = PBXFileReference; fileEncoding = 4; lastKnownFileType = sourcecode.c.objc; path = ASIDataDecompressor.m; sourceTree = "<group>"; };
		3EAFFBF4129EEB32004D0AFB /* ASIDownloadCache.h */ = {isa = PBXFileReference; fileEncoding = 4; lastKnownFileType = sourcecode.c.h; path = ASIDownloadCache.h; sourceTree = "<group>"; };
		3EAFFBF5129EEB32004D0AFB /* ASIDownloadCache.m */ = {isa = PBXFileReference; fileEncoding = 4; lastKnownFileType = sourcecode.c.objc; path = ASIDownloadCache.m; sourceTree = "<group>"; };
		3EAFFBF6129EEB32004D0AFB /* ASIFormDataRequest.h */ = {isa = PBXFileReference; fileEncoding = 4; lastKnownFileType = sourcecode.c.h; path = ASIFormDataRequest.h; sourceTree = "<group>"; };
		3EAFFBF7129EEB32004D0AFB /* ASIFormDataRequest.m */ = {isa = PBXFileReference; fileEncoding = 4; lastKnownFileType = sourcecode.c.objc; path = ASIFormDataRequest.m; sourceTree = "<group>"; };
		3EAFFBF8129EEB32004D0AFB /* ASIHTTPRequest.h */ = {isa = PBXFileReference; fileEncoding = 4; lastKnownFileType = sourcecode.c.h; path = ASIHTTPRequest.h; sourceTree = "<group>"; };
		3EAFFBF9129EEB32004D0AFB /* ASIHTTPRequest.m */ = {isa = PBXFileReference; fileEncoding = 4; lastKnownFileType = sourcecode.c.objc; path = ASIHTTPRequest.m; sourceTree = "<group>"; };
		3EAFFBFA129EEB32004D0AFB /* ASIHTTPRequestConfig.h */ = {isa = PBXFileReference; fileEncoding = 4; lastKnownFileType = sourcecode.c.h; path = ASIHTTPRequestConfig.h; sourceTree = "<group>"; };
		3EAFFBFB129EEB32004D0AFB /* ASIHTTPRequestDelegate.h */ = {isa = PBXFileReference; fileEncoding = 4; lastKnownFileType = sourcecode.c.h; path = ASIHTTPRequestDelegate.h; sourceTree = "<group>"; };
		3EAFFBFC129EEB32004D0AFB /* ASIInputStream.h */ = {isa = PBXFileReference; fileEncoding = 4; lastKnownFileType = sourcecode.c.h; path = ASIInputStream.h; sourceTree = "<group>"; };
		3EAFFBFD129EEB32004D0AFB /* ASIInputStream.m */ = {isa = PBXFileReference; fileEncoding = 4; lastKnownFileType = sourcecode.c.objc; path = ASIInputStream.m; sourceTree = "<group>"; };
		3EAFFBFE129EEB32004D0AFB /* ASINetworkQueue.h */ = {isa = PBXFileReference; fileEncoding = 4; lastKnownFileType = sourcecode.c.h; path = ASINetworkQueue.h; sourceTree = "<group>"; };
		3EAFFBFF129EEB32004D0AFB /* ASINetworkQueue.m */ = {isa = PBXFileReference; fileEncoding = 4; lastKnownFileType = sourcecode.c.objc; path = ASINetworkQueue.m; sourceTree = "<group>"; };
		3EAFFC00129EEB32004D0AFB /* ASIProgressDelegate.h */ = {isa = PBXFileReference; fileEncoding = 4; lastKnownFileType = sourcecode.c.h; path = ASIProgressDelegate.h; sourceTree = "<group>"; };
		3EAFFC01129EEB32004D0AFB /* ASIWebPageRequest.h */ = {isa = PBXFileReference; fileEncoding = 4; lastKnownFileType = sourcecode.c.h; path = ASIWebPageRequest.h; sourceTree = "<group>"; };
		3EAFFC02129EEB32004D0AFB /* ASIWebPageRequest.m */ = {isa = PBXFileReference; fileEncoding = 4; lastKnownFileType = sourcecode.c.objc; path = ASIWebPageRequest.m; sourceTree = "<group>"; };
		3EAFFC04129EEB32004D0AFB /* ASICloudFilesCDNRequest.h */ = {isa = PBXFileReference; fileEncoding = 4; lastKnownFileType = sourcecode.c.h; path = ASICloudFilesCDNRequest.h; sourceTree = "<group>"; };
		3EAFFC05129EEB32004D0AFB /* ASICloudFilesCDNRequest.m */ = {isa = PBXFileReference; fileEncoding = 4; lastKnownFileType = sourcecode.c.objc; path = ASICloudFilesCDNRequest.m; sourceTree = "<group>"; };
		3EAFFC06129EEB32004D0AFB /* ASICloudFilesContainer.h */ = {isa = PBXFileReference; fileEncoding = 4; lastKnownFileType = sourcecode.c.h; path = ASICloudFilesContainer.h; sourceTree = "<group>"; };
		3EAFFC07129EEB32004D0AFB /* ASICloudFilesContainer.m */ = {isa = PBXFileReference; fileEncoding = 4; lastKnownFileType = sourcecode.c.objc; path = ASICloudFilesContainer.m; sourceTree = "<group>"; };
		3EAFFC08129EEB32004D0AFB /* ASICloudFilesContainerRequest.h */ = {isa = PBXFileReference; fileEncoding = 4; lastKnownFileType = sourcecode.c.h; path = ASICloudFilesContainerRequest.h; sourceTree = "<group>"; };
		3EAFFC09129EEB32004D0AFB /* ASICloudFilesContainerRequest.m */ = {isa = PBXFileReference; fileEncoding = 4; lastKnownFileType = sourcecode.c.objc; path = ASICloudFilesContainerRequest.m; sourceTree = "<group>"; };
		3EAFFC0A129EEB32004D0AFB /* ASICloudFilesContainerXMLParserDelegate.h */ = {isa = PBXFileReference; fileEncoding = 4; lastKnownFileType = sourcecode.c.h; path = ASICloudFilesContainerXMLParserDelegate.h; sourceTree = "<group>"; };
		3EAFFC0B129EEB32004D0AFB /* ASICloudFilesContainerXMLParserDelegate.m */ = {isa = PBXFileReference; fileEncoding = 4; lastKnownFileType = sourcecode.c.objc; path = ASICloudFilesContainerXMLParserDelegate.m; sourceTree = "<group>"; };
		3EAFFC0C129EEB32004D0AFB /* ASICloudFilesObject.h */ = {isa = PBXFileReference; fileEncoding = 4; lastKnownFileType = sourcecode.c.h; path = ASICloudFilesObject.h; sourceTree = "<group>"; };
		3EAFFC0D129EEB32004D0AFB /* ASICloudFilesObject.m */ = {isa = PBXFileReference; fileEncoding = 4; lastKnownFileType = sourcecode.c.objc; path = ASICloudFilesObject.m; sourceTree = "<group>"; };
		3EAFFC0E129EEB32004D0AFB /* ASICloudFilesObjectRequest.h */ = {isa = PBXFileReference; fileEncoding = 4; lastKnownFileType = sourcecode.c.h; path = ASICloudFilesObjectRequest.h; sourceTree = "<group>"; };
		3EAFFC0F129EEB32004D0AFB /* ASICloudFilesObjectRequest.m */ = {isa = PBXFileReference; fileEncoding = 4; lastKnownFileType = sourcecode.c.objc; path = ASICloudFilesObjectRequest.m; sourceTree = "<group>"; };
		3EAFFC10129EEB32004D0AFB /* ASICloudFilesRequest.h */ = {isa = PBXFileReference; fileEncoding = 4; lastKnownFileType = sourcecode.c.h; path = ASICloudFilesRequest.h; sourceTree = "<group>"; };
		3EAFFC11129EEB32004D0AFB /* ASICloudFilesRequest.m */ = {isa = PBXFileReference; fileEncoding = 4; lastKnownFileType = sourcecode.c.objc; path = ASICloudFilesRequest.m; sourceTree = "<group>"; };
		3EAFFC13129EEB32004D0AFB /* ASINSXMLParserCompat.h */ = {isa = PBXFileReference; fileEncoding = 4; lastKnownFileType = sourcecode.c.h; path = ASINSXMLParserCompat.h; sourceTree = "<group>"; };
		3EAFFC14129EEB32004D0AFB /* ASIS3Bucket.h */ = {isa = PBXFileReference; fileEncoding = 4; lastKnownFileType = sourcecode.c.h; path = ASIS3Bucket.h; sourceTree = "<group>"; };
		3EAFFC15129EEB32004D0AFB /* ASIS3Bucket.m */ = {isa = PBXFileReference; fileEncoding = 4; lastKnownFileType = sourcecode.c.objc; path = ASIS3Bucket.m; sourceTree = "<group>"; };
		3EAFFC16129EEB32004D0AFB /* ASIS3BucketObject.h */ = {isa = PBXFileReference; fileEncoding = 4; lastKnownFileType = sourcecode.c.h; path = ASIS3BucketObject.h; sourceTree = "<group>"; };
		3EAFFC17129EEB32004D0AFB /* ASIS3BucketObject.m */ = {isa = PBXFileReference; fileEncoding = 4; lastKnownFileType = sourcecode.c.objc; path = ASIS3BucketObject.m; sourceTree = "<group>"; };
		3EAFFC18129EEB32004D0AFB /* ASIS3BucketRequest.h */ = {isa = PBXFileReference; fileEncoding = 4; lastKnownFileType = sourcecode.c.h; path = ASIS3BucketRequest.h; sourceTree = "<group>"; };
		3EAFFC19129EEB32004D0AFB /* ASIS3BucketRequest.m */ = {isa = PBXFileReference; fileEncoding = 4; lastKnownFileType = sourcecode.c.objc; path = ASIS3BucketRequest.m; sourceTree = "<group>"; };
		3EAFFC1A129EEB32004D0AFB /* ASIS3ObjectRequest.h */ = {isa = PBXFileReference; fileEncoding = 4; lastKnownFileType = sourcecode.c.h; path = ASIS3ObjectRequest.h; sourceTree = "<group>"; };
		3EAFFC1B129EEB32004D0AFB /* ASIS3ObjectRequest.m */ = {isa = PBXFileReference; fileEncoding = 4; lastKnownFileType = sourcecode.c.objc; path = ASIS3ObjectRequest.m; sourceTree = "<group>"; };
		3EAFFC1C129EEB32004D0AFB /* ASIS3Request.h */ = {isa = PBXFileReference; fileEncoding = 4; lastKnownFileType = sourcecode.c.h; path = ASIS3Request.h; sourceTree = "<group>"; };
		3EAFFC1D129EEB32004D0AFB /* ASIS3Request.m */ = {isa = PBXFileReference; fileEncoding = 4; lastKnownFileType = sourcecode.c.objc; path = ASIS3Request.m; sourceTree = "<group>"; };
		3EAFFC1E129EEB32004D0AFB /* ASIS3ServiceRequest.h */ = {isa = PBXFileReference; fileEncoding = 4; lastKnownFileType = sourcecode.c.h; path = ASIS3ServiceRequest.h; sourceTree = "<group>"; };
		3EAFFC1F129EEB32004D0AFB /* ASIS3ServiceRequest.m */ = {isa = PBXFileReference; fileEncoding = 4; lastKnownFileType = sourcecode.c.objc; path = ASIS3ServiceRequest.m; sourceTree = "<group>"; };
		3EAFFC3A129EEB66004D0AFB /* libz.1.2.3.dylib */ = {isa = PBXFileReference; lastKnownFileType = "compiled.mach-o.dylib"; name = libz.1.2.3.dylib; path = usr/lib/libz.1.2.3.dylib; sourceTree = SDKROOT; };
		3ED3CD9C129E0A20008BE728 /* SSCrypto.h */ = {isa = PBXFileReference; fileEncoding = 4; lastKnownFileType = sourcecode.c.h; path = SSCrypto.h; sourceTree = "<group>"; };
		3ED3CD9D129E0A20008BE728 /* SSCrypto.m */ = {isa = PBXFileReference; fileEncoding = 4; lastKnownFileType = sourcecode.c.objc; path = SSCrypto.m; sourceTree = "<group>"; };
		3ED3CD9F129E0A20008BE728 /* idn-int.h */ = {isa = PBXFileReference; fileEncoding = 4; lastKnownFileType = sourcecode.c.h; path = "idn-int.h"; sourceTree = "<group>"; };
		3ED3CDA0129E0A20008BE728 /* stringprep.h */ = {isa = PBXFileReference; fileEncoding = 4; lastKnownFileType = sourcecode.c.h; path = stringprep.h; sourceTree = "<group>"; };
		3ED3CDA2129E0A20008BE728 /* AsyncSocket.h */ = {isa = PBXFileReference; fileEncoding = 4; lastKnownFileType = sourcecode.c.h; path = AsyncSocket.h; sourceTree = "<group>"; };
		3ED3CDA3129E0A20008BE728 /* AsyncSocket.m */ = {isa = PBXFileReference; fileEncoding = 4; lastKnownFileType = sourcecode.c.objc; path = AsyncSocket.m; sourceTree = "<group>"; };
		3ED3CDA5129E0A20008BE728 /* DDNumber.h */ = {isa = PBXFileReference; fileEncoding = 4; lastKnownFileType = sourcecode.c.h; path = DDNumber.h; sourceTree = "<group>"; };
		3ED3CDA6129E0A20008BE728 /* DDNumber.m */ = {isa = PBXFileReference; fileEncoding = 4; lastKnownFileType = sourcecode.c.objc; path = DDNumber.m; sourceTree = "<group>"; };
		3ED3CDA7129E0A20008BE728 /* NSDataAdditions.h */ = {isa = PBXFileReference; fileEncoding = 4; lastKnownFileType = sourcecode.c.h; path = NSDataAdditions.h; sourceTree = "<group>"; };
		3ED3CDA8129E0A20008BE728 /* NSDataAdditions.m */ = {isa = PBXFileReference; fileEncoding = 4; lastKnownFileType = sourcecode.c.objc; path = NSDataAdditions.m; sourceTree = "<group>"; };
		3ED3CDA9129E0A20008BE728 /* NSXMLElementAdditions.h */ = {isa = PBXFileReference; fileEncoding = 4; lastKnownFileType = sourcecode.c.h; path = NSXMLElementAdditions.h; sourceTree = "<group>"; };
		3ED3CDAA129E0A20008BE728 /* NSXMLElementAdditions.m */ = {isa = PBXFileReference; fileEncoding = 4; lastKnownFileType = sourcecode.c.objc; path = NSXMLElementAdditions.m; sourceTree = "<group>"; };
		3ED3CDAC129E0A20008BE728 /* DDLog.h */ = {isa = PBXFileReference; fileEncoding = 4; lastKnownFileType = sourcecode.c.h; path = DDLog.h; sourceTree = "<group>"; };
		3ED3CDAD129E0A20008BE728 /* LibIDN.h */ = {isa = PBXFileReference; fileEncoding = 4; lastKnownFileType = sourcecode.c.h; path = LibIDN.h; sourceTree = "<group>"; };
		3ED3CDAE129E0A20008BE728 /* LibIDN.m */ = {isa = PBXFileReference; fileEncoding = 4; lastKnownFileType = sourcecode.c.objc; path = LibIDN.m; sourceTree = "<group>"; };
		3ED3CDAF129E0A20008BE728 /* MulticastDelegate.h */ = {isa = PBXFileReference; fileEncoding = 4; lastKnownFileType = sourcecode.c.h; path = MulticastDelegate.h; sourceTree = "<group>"; };
		3ED3CDB0129E0A20008BE728 /* MulticastDelegate.m */ = {isa = PBXFileReference; fileEncoding = 4; lastKnownFileType = sourcecode.c.objc; path = MulticastDelegate.m; sourceTree = "<group>"; };
		3ED3CDB1129E0A20008BE728 /* RFSRVResolver.h */ = {isa = PBXFileReference; fileEncoding = 4; lastKnownFileType = sourcecode.c.h; path = RFSRVResolver.h; sourceTree = "<group>"; };
		3ED3CDB2129E0A20008BE728 /* RFSRVResolver.m */ = {isa = PBXFileReference; fileEncoding = 4; lastKnownFileType = sourcecode.c.objc; path = RFSRVResolver.m; sourceTree = "<group>"; };
		3ED3CDB4129E0A20008BE728 /* XMPP.h */ = {isa = PBXFileReference; fileEncoding = 4; lastKnownFileType = sourcecode.c.h; path = XMPP.h; sourceTree = "<group>"; };
		3ED3CDB5129E0A20008BE728 /* XMPPParser.h */ = {isa = PBXFileReference; fileEncoding = 4; lastKnownFileType = sourcecode.c.h; path = XMPPParser.h; sourceTree = "<group>"; };
		3ED3CDB6129E0A20008BE728 /* XMPPParser.m */ = {isa = PBXFileReference; fileEncoding = 4; lastKnownFileType = sourcecode.c.objc; path = XMPPParser.m; sourceTree = "<group>"; };
		3ED3CDB7129E0A20008BE728 /* XMPPStream.h */ = {isa = PBXFileReference; fileEncoding = 4; lastKnownFileType = sourcecode.c.h; path = XMPPStream.h; sourceTree = "<group>"; };
		3ED3CDB8129E0A20008BE728 /* XMPPStream.m */ = {isa = PBXFileReference; fileEncoding = 4; lastKnownFileType = sourcecode.c.objc; path = XMPPStream.m; sourceTree = "<group>"; };
		3ED3CDB9129E0A20008BE728 /* XMPPJID.h */ = {isa = PBXFileReference; fileEncoding = 4; lastKnownFileType = sourcecode.c.h; path = XMPPJID.h; sourceTree = "<group>"; };
		3ED3CDBA129E0A20008BE728 /* XMPPJID.m */ = {isa = PBXFileReference; fileEncoding = 4; lastKnownFileType = sourcecode.c.objc; path = XMPPJID.m; sourceTree = "<group>"; };
		3ED3CDBB129E0A20008BE728 /* XMPPElement.h */ = {isa = PBXFileReference; fileEncoding = 4; lastKnownFileType = sourcecode.c.h; path = XMPPElement.h; sourceTree = "<group>"; };
		3ED3CDBC129E0A20008BE728 /* XMPPElement.m */ = {isa = PBXFileReference; fileEncoding = 4; lastKnownFileType = sourcecode.c.objc; path = XMPPElement.m; sourceTree = "<group>"; };
		3ED3CDBD129E0A20008BE728 /* XMPPIQ.h */ = {isa = PBXFileReference; fileEncoding = 4; lastKnownFileType = sourcecode.c.h; path = XMPPIQ.h; sourceTree = "<group>"; };
		3ED3CDBE129E0A20008BE728 /* XMPPIQ.m */ = {isa = PBXFileReference; fileEncoding = 4; lastKnownFileType = sourcecode.c.objc; path = XMPPIQ.m; sourceTree = "<group>"; };
		3ED3CDBF129E0A20008BE728 /* XMPPMessage.h */ = {isa = PBXFileReference; fileEncoding = 4; lastKnownFileType = sourcecode.c.h; path = XMPPMessage.h; sourceTree = "<group>"; };
		3ED3CDC0129E0A20008BE728 /* XMPPMessage.m */ = {isa = PBXFileReference; fileEncoding = 4; lastKnownFileType = sourcecode.c.objc; path = XMPPMessage.m; sourceTree = "<group>"; };
		3ED3CDC1129E0A20008BE728 /* XMPPPresence.h */ = {isa = PBXFileReference; fileEncoding = 4; lastKnownFileType = sourcecode.c.h; path = XMPPPresence.h; sourceTree = "<group>"; };
		3ED3CDC2129E0A20008BE728 /* XMPPPresence.m */ = {isa = PBXFileReference; fileEncoding = 4; lastKnownFileType = sourcecode.c.objc; path = XMPPPresence.m; sourceTree = "<group>"; };
		3ED3CDC3129E0A20008BE728 /* XMPPReconnect.h */ = {isa = PBXFileReference; fileEncoding = 4; lastKnownFileType = sourcecode.c.h; path = XMPPReconnect.h; sourceTree = "<group>"; };
		3ED3CDC4129E0A20008BE728 /* XMPPReconnect.m */ = {isa = PBXFileReference; fileEncoding = 4; lastKnownFileType = sourcecode.c.objc; path = XMPPReconnect.m; sourceTree = "<group>"; };
		3ED3CDC5129E0A20008BE728 /* XMPPModule.h */ = {isa = PBXFileReference; fileEncoding = 4; lastKnownFileType = sourcecode.c.h; path = XMPPModule.h; sourceTree = "<group>"; };
		3ED3CDC6129E0A20008BE728 /* XMPPModule.m */ = {isa = PBXFileReference; fileEncoding = 4; lastKnownFileType = sourcecode.c.objc; path = XMPPModule.m; sourceTree = "<group>"; };
		3ED3CDC8129E0A20008BE728 /* XMPPRoster.h */ = {isa = PBXFileReference; fileEncoding = 4; lastKnownFileType = sourcecode.c.h; path = XMPPRoster.h; sourceTree = "<group>"; };
		3ED3CDC9129E0A20008BE728 /* XMPPRoster.m */ = {isa = PBXFileReference; fileEncoding = 4; lastKnownFileType = sourcecode.c.objc; path = XMPPRoster.m; sourceTree = "<group>"; };
		3ED3CDCA129E0A20008BE728 /* XMPPUser.h */ = {isa = PBXFileReference; fileEncoding = 4; lastKnownFileType = sourcecode.c.h; path = XMPPUser.h; sourceTree = "<group>"; };
		3ED3CDCB129E0A20008BE728 /* XMPPResource.h */ = {isa = PBXFileReference; fileEncoding = 4; lastKnownFileType = sourcecode.c.h; path = XMPPResource.h; sourceTree = "<group>"; };
		3ED3CDCD129E0A20008BE728 /* XMPPRosterPrivate.h */ = {isa = PBXFileReference; fileEncoding = 4; lastKnownFileType = sourcecode.c.h; path = XMPPRosterPrivate.h; sourceTree = "<group>"; };
		3ED3CDCF129E0A20008BE728 /* XMPPRosterMemoryStorage.h */ = {isa = PBXFileReference; fileEncoding = 4; lastKnownFileType = sourcecode.c.h; path = XMPPRosterMemoryStorage.h; sourceTree = "<group>"; };
		3ED3CDD0129E0A20008BE728 /* XMPPRosterMemoryStorage.m */ = {isa = PBXFileReference; fileEncoding = 4; lastKnownFileType = sourcecode.c.objc; path = XMPPRosterMemoryStorage.m; sourceTree = "<group>"; };
		3ED3CDD1129E0A20008BE728 /* XMPPUserMemoryStorage.h */ = {isa = PBXFileReference; fileEncoding = 4; lastKnownFileType = sourcecode.c.h; path = XMPPUserMemoryStorage.h; sourceTree = "<group>"; };
		3ED3CDD2129E0A20008BE728 /* XMPPUserMemoryStorage.m */ = {isa = PBXFileReference; fileEncoding = 4; lastKnownFileType = sourcecode.c.objc; path = XMPPUserMemoryStorage.m; sourceTree = "<group>"; };
		3ED3CDD3129E0A20008BE728 /* XMPPResourceMemoryStorage.h */ = {isa = PBXFileReference; fileEncoding = 4; lastKnownFileType = sourcecode.c.h; path = XMPPResourceMemoryStorage.h; sourceTree = "<group>"; };
		3ED3CDD4129E0A20008BE728 /* XMPPResourceMemoryStorage.m */ = {isa = PBXFileReference; fileEncoding = 4; lastKnownFileType = sourcecode.c.objc; path = XMPPResourceMemoryStorage.m; sourceTree = "<group>"; };
		3ED3CDD7129E0A20008BE728 /* XMPPDateTimeProfiles.h */ = {isa = PBXFileReference; fileEncoding = 4; lastKnownFileType = sourcecode.c.h; path = XMPPDateTimeProfiles.h; sourceTree = "<group>"; };
		3ED3CDD8129E0A20008BE728 /* XMPPDateTimeProfiles.m */ = {isa = PBXFileReference; fileEncoding = 4; lastKnownFileType = sourcecode.c.objc; path = XMPPDateTimeProfiles.m; sourceTree = "<group>"; };
		3ED3CDDA129E0A20008BE728 /* XMPPPubSub.h */ = {isa = PBXFileReference; fileEncoding = 4; lastKnownFileType = sourcecode.c.h; path = XMPPPubSub.h; sourceTree = "<group>"; };
		3ED3CDDB129E0A20008BE728 /* XMPPPubSub.m */ = {isa = PBXFileReference; fileEncoding = 4; lastKnownFileType = sourcecode.c.objc; path = XMPPPubSub.m; sourceTree = "<group>"; };
		3ED3CDDD129E0A20008BE728 /* TURNSocket.h */ = {isa = PBXFileReference; fileEncoding = 4; lastKnownFileType = sourcecode.c.h; path = TURNSocket.h; sourceTree = "<group>"; };
		3ED3CDDE129E0A20008BE728 /* TURNSocket.m */ = {isa = PBXFileReference; fileEncoding = 4; lastKnownFileType = sourcecode.c.objc; path = TURNSocket.m; sourceTree = "<group>"; };
		3ED3CDE0129E0A20008BE728 /* XMPPTransports.h */ = {isa = PBXFileReference; fileEncoding = 4; lastKnownFileType = sourcecode.c.h; path = XMPPTransports.h; sourceTree = "<group>"; };
		3ED3CDE1129E0A20008BE728 /* XMPPTransports.m */ = {isa = PBXFileReference; fileEncoding = 4; lastKnownFileType = sourcecode.c.objc; path = XMPPTransports.m; sourceTree = "<group>"; };
		3ED3CDE3129E0A20008BE728 /* XMPPCapabilities.h */ = {isa = PBXFileReference; fileEncoding = 4; lastKnownFileType = sourcecode.c.h; path = XMPPCapabilities.h; sourceTree = "<group>"; };
		3ED3CDE4129E0A20008BE728 /* XMPPCapabilities.m */ = {isa = PBXFileReference; fileEncoding = 4; lastKnownFileType = sourcecode.c.objc; path = XMPPCapabilities.m; sourceTree = "<group>"; };
		3ED3CDE6129E0A20008BE728 /* XMPPCapabilitiesCoreDataStorage.h */ = {isa = PBXFileReference; fileEncoding = 4; lastKnownFileType = sourcecode.c.h; path = XMPPCapabilitiesCoreDataStorage.h; sourceTree = "<group>"; };
		3ED3CDE7129E0A20008BE728 /* XMPPCapabilitiesCoreDataStorage.m */ = {isa = PBXFileReference; fileEncoding = 4; lastKnownFileType = sourcecode.c.objc; path = XMPPCapabilitiesCoreDataStorage.m; sourceTree = "<group>"; };
		3ED3CDE8129E0A20008BE728 /* XMPPCapabilities.xcdatamodel */ = {isa = PBXFileReference; fileEncoding = 4; lastKnownFileType = wrapper.xcdatamodel; path = XMPPCapabilities.xcdatamodel; sourceTree = "<group>"; };
		3ED3CDE9129E0A20008BE728 /* XMPPCapsCoreDataStorageObject.h */ = {isa = PBXFileReference; fileEncoding = 4; lastKnownFileType = sourcecode.c.h; path = XMPPCapsCoreDataStorageObject.h; sourceTree = "<group>"; };
		3ED3CDEA129E0A20008BE728 /* XMPPCapsCoreDataStorageObject.m */ = {isa = PBXFileReference; fileEncoding = 4; lastKnownFileType = sourcecode.c.objc; path = XMPPCapsCoreDataStorageObject.m; sourceTree = "<group>"; };
		3ED3CDEB129E0A20008BE728 /* XMPPCapsResourceCoreDataStorageObject.h */ = {isa = PBXFileReference; fileEncoding = 4; lastKnownFileType = sourcecode.c.h; path = XMPPCapsResourceCoreDataStorageObject.h; sourceTree = "<group>"; };
		3ED3CDEC129E0A20008BE728 /* XMPPCapsResourceCoreDataStorageObject.m */ = {isa = PBXFileReference; fileEncoding = 4; lastKnownFileType = sourcecode.c.objc; path = XMPPCapsResourceCoreDataStorageObject.m; sourceTree = "<group>"; };
		3ED3CDEE129E0A20008BE728 /* XMPPPing.h */ = {isa = PBXFileReference; fileEncoding = 4; lastKnownFileType = sourcecode.c.h; path = XMPPPing.h; sourceTree = "<group>"; };
		3ED3CDEF129E0A20008BE728 /* XMPPPing.m */ = {isa = PBXFileReference; fileEncoding = 4; lastKnownFileType = sourcecode.c.objc; path = XMPPPing.m; sourceTree = "<group>"; };
		3ED3CDF1129E0A20008BE728 /* XMPPTime.h */ = {isa = PBXFileReference; fileEncoding = 4; lastKnownFileType = sourcecode.c.h; path = XMPPTime.h; sourceTree = "<group>"; };
		3ED3CDF2129E0A20008BE728 /* XMPPTime.m */ = {isa = PBXFileReference; fileEncoding = 4; lastKnownFileType = sourcecode.c.objc; path = XMPPTime.m; sourceTree = "<group>"; };
		3ED3CDF4129E0A20008BE728 /* XMPPElement+Delay.h */ = {isa = PBXFileReference; fileEncoding = 4; lastKnownFileType = sourcecode.c.h; path = "XMPPElement+Delay.h"; sourceTree = "<group>"; };
		3ED3CDF5129E0A20008BE728 /* XMPPElement+Delay.m */ = {isa = PBXFileReference; fileEncoding = 4; lastKnownFileType = sourcecode.c.objc; path = "XMPPElement+Delay.m"; sourceTree = "<group>"; };
		3ED3CE1A129E0A2D008BE728 /* SystemConfiguration.framework */ = {isa = PBXFileReference; lastKnownFileType = wrapper.framework; name = SystemConfiguration.framework; path = System/Library/Frameworks/SystemConfiguration.framework; sourceTree = SDKROOT; };
		3ED3CE1C129E0A39008BE728 /* libcrypto.dylib */ = {isa = PBXFileReference; lastKnownFileType = "compiled.mach-o.dylib"; name = libcrypto.dylib; path = usr/lib/libcrypto.dylib; sourceTree = SDKROOT; };
		3ED3CE1E129E0A4A008BE728 /* libxml2.dylib */ = {isa = PBXFileReference; lastKnownFileType = "compiled.mach-o.dylib"; name = libxml2.dylib; path = usr/lib/libxml2.dylib; sourceTree = SDKROOT; };
		3ED3CE21129E0A88008BE728 /* libidn.a */ = {isa = PBXFileReference; lastKnownFileType = archive.ar; path = libidn.a; sourceTree = "<group>"; };
		3ED3CE23129E0A91008BE728 /* libresolv.dylib */ = {isa = PBXFileReference; lastKnownFileType = "compiled.mach-o.dylib"; name = libresolv.dylib; path = usr/lib/libresolv.dylib; sourceTree = SDKROOT; };
		3ED3CE62129E0BCB008BE728 /* Framework-Info.plist */ = {isa = PBXFileReference; lastKnownFileType = text.plist.xml; path = "Framework-Info.plist"; sourceTree = "<group>"; };
		3EDFD60A129F6E44001059B8 /* heart.icns */ = {isa = PBXFileReference; lastKnownFileType = image.icns; path = heart.icns; sourceTree = "<group>"; };
		3EDFD669129F81DD001059B8 /* hearts_together.png */ = {isa = PBXFileReference; lastKnownFileType = image.png; path = hearts_together.png; sourceTree = "<group>"; };
		8D1107310486CEB800E47090 /* OhThou-Info.plist */ = {isa = PBXFileReference; fileEncoding = 4; lastKnownFileType = text.plist.xml; path = "OhThou-Info.plist"; sourceTree = "<group>"; };
		8D1107320486CEB800E47090 /* OhThou.app */ = {isa = PBXFileReference; explicitFileType = wrapper.application; includeInIndex = 0; path = OhThou.app; sourceTree = BUILT_PRODUCTS_DIR; };
/* End PBXFileReference section */

/* Begin PBXFrameworksBuildPhase section */
		8D11072E0486CEB800E47090 /* Frameworks */ = {
			isa = PBXFrameworksBuildPhase;
			buildActionMask = 2147483647;
			files = (
				8D11072F0486CEB800E47090 /* Cocoa.framework in Frameworks */,
				3ED3CE1B129E0A2D008BE728 /* SystemConfiguration.framework in Frameworks */,
				3ED3CE1D129E0A39008BE728 /* libcrypto.dylib in Frameworks */,
				3ED3CE1F129E0A4A008BE728 /* libxml2.dylib in Frameworks */,
				3ED3CE22129E0A88008BE728 /* libidn.a in Frameworks */,
				3ED3CE24129E0A91008BE728 /* libresolv.dylib in Frameworks */,
				3EAFFAEC129ED35A004D0AFB /* BWToolkitFramework.framework in Frameworks */,
				3EAFFB00129ED9A0004D0AFB /* Collaboration.framework in Frameworks */,
				3EAFFB0E129EDB27004D0AFB /* Quartz.framework in Frameworks */,
				3EAFFBD1129EEA7D004D0AFB /* CoreServices.framework in Frameworks */,
				3EAFFC3B129EEB66004D0AFB /* libz.1.2.3.dylib in Frameworks */,
			);
			runOnlyForDeploymentPostprocessing = 0;
		};
/* End PBXFrameworksBuildPhase section */

/* Begin PBXGroup section */
		080E96DDFE201D6D7F000001 /* Classes */ = {
			isa = PBXGroup;
			children = (
				256AC3D80F4B6AC300CF3369 /* OhThouAppDelegate.h */,
				256AC3D90F4B6AC300CF3369 /* OhThouAppDelegate.m */,
				3E3EEAC9129E10D80068D3BE /* XMPPManager.h */,
				3E3EEACA129E10D80068D3BE /* XMPPManager.m */,
				3EAE802D129F00BC00C9FA31 /* AcceptPartnerWindowController.h */,
				3EAE802E129F00BC00C9FA31 /* AcceptPartnerWindowController.m */,
				3EAE81F8129F149900C9FA31 /* Friend.h */,
				3EAE81F9129F149900C9FA31 /* Friend.m */,
			);
			name = Classes;
			sourceTree = "<group>";
		};
		1058C7A0FEA54F0111CA2CBB /* Linked Frameworks */ = {
			isa = PBXGroup;
			children = (
				3ED3CE21129E0A88008BE728 /* libidn.a */,
				1058C7A1FEA54F0111CA2CBB /* Cocoa.framework */,
				3ED3CE1A129E0A2D008BE728 /* SystemConfiguration.framework */,
				3ED3CE1C129E0A39008BE728 /* libcrypto.dylib */,
				3ED3CE1E129E0A4A008BE728 /* libxml2.dylib */,
				3ED3CE23129E0A91008BE728 /* libresolv.dylib */,
				3EAFFAEB129ED35A004D0AFB /* BWToolkitFramework.framework */,
				3EAFFAFF129ED9A0004D0AFB /* Collaboration.framework */,
				3EAFFB0D129EDB27004D0AFB /* Quartz.framework */,
				3EAFFBD0129EEA7D004D0AFB /* CoreServices.framework */,
				3EAFFC3A129EEB66004D0AFB /* libz.1.2.3.dylib */,
			);
			name = "Linked Frameworks";
			sourceTree = "<group>";
		};
		1058C7A2FEA54F0111CA2CBB /* Other Frameworks */ = {
			isa = PBXGroup;
			children = (
				29B97324FDCFA39411CA2CEA /* AppKit.framework */,
				13E42FB307B3F0F600E4EEF1 /* CoreData.framework */,
				29B97325FDCFA39411CA2CEA /* Foundation.framework */,
			);
			name = "Other Frameworks";
			sourceTree = "<group>";
		};
		19C28FACFE9D520D11CA2CBB /* Products */ = {
			isa = PBXGroup;
			children = (
				8D1107320486CEB800E47090 /* OhThou.app */,
			);
			name = Products;
			sourceTree = "<group>";
		};
		29B97314FDCFA39411CA2CEA /* OhThou */ = {
			isa = PBXGroup;
			children = (
				080E96DDFE201D6D7F000001 /* Classes */,
				29B97315FDCFA39411CA2CEA /* Other Sources */,
				29B97317FDCFA39411CA2CEA /* Resources */,
				29B97323FDCFA39411CA2CEA /* Frameworks */,
				19C28FACFE9D520D11CA2CBB /* Products */,
				3ED3CE62129E0BCB008BE728 /* Framework-Info.plist */,
			);
			name = OhThou;
			sourceTree = "<group>";
		};
		29B97315FDCFA39411CA2CEA /* Other Sources */ = {
			isa = PBXGroup;
			children = (
				3EAE7F4E129EED4400C9FA31 /* SBJSON */,
				3EAFFBEC129EEB32004D0AFB /* ASIHTTPRequest */,
				3ED3CD99129E0A20008BE728 /* XMPP */,
				256AC3F00F4B6AF500CF3369 /* OhThou_Prefix.pch */,
				29B97316FDCFA39411CA2CEA /* main.m */,
			);
			name = "Other Sources";
			sourceTree = "<group>";
		};
		29B97317FDCFA39411CA2CEA /* Resources */ = {
			isa = PBXGroup;
			children = (
				3EDFD60A129F6E44001059B8 /* heart.icns */,
				3E61E12112A021460004710B /* doubleheart.icns */,
				3EDFD669129F81DD001059B8 /* hearts_together.png */,
				3E53D6A2129F256400418D77 /* (h)_offline.png */,
				3EAE8167129F0F4500C9FA31 /* (h).png */,
				3E53D692129F250400418D77 /* (h)_5.png */,
				3E53D693129F250400418D77 /* (h)_6.png */,
				3E53D694129F250400418D77 /* (h)_7.png */,
				3E53D695129F250400418D77 /* (h)_8.png */,
				3E53D696129F250400418D77 /* (h)_9.png */,
				3E53D697129F250400418D77 /* (h)_10.png */,
				8D1107310486CEB800E47090 /* OhThou-Info.plist */,
				089C165CFE840E0CC02AAC07 /* InfoPlist.strings */,
				1DDD58140DA1D0A300B32029 /* MainMenu.xib */,
				3EAE8030129F00CC00C9FA31 /* AcceptPartnerWindow.xib */,
			);
			name = Resources;
			sourceTree = "<group>";
		};
		29B97323FDCFA39411CA2CEA /* Frameworks */ = {
			isa = PBXGroup;
			children = (
				1058C7A0FEA54F0111CA2CBB /* Linked Frameworks */,
				1058C7A2FEA54F0111CA2CBB /* Other Frameworks */,
			);
			name = Frameworks;
			sourceTree = "<group>";
		};
		3EAE7F4E129EED4400C9FA31 /* SBJSON */ = {
			isa = PBXGroup;
			children = (
				3EAE7F5D129EED5700C9FA31 /* JSON.h */,
				3EAE7F5E129EED5700C9FA31 /* NSObject+SBJSON.h */,
				3EAE7F5F129EED5700C9FA31 /* NSObject+SBJSON.m */,
				3EAE7F60129EED5700C9FA31 /* NSString+SBJSON.h */,
				3EAE7F61129EED5700C9FA31 /* NSString+SBJSON.m */,
				3EAE7F62129EED5700C9FA31 /* SBJsonBase.h */,
				3EAE7F63129EED5700C9FA31 /* SBJsonBase.m */,
				3EAE7F64129EED5700C9FA31 /* SBJsonParser.h */,
				3EAE7F65129EED5700C9FA31 /* SBJsonParser.m */,
				3EAE7F66129EED5700C9FA31 /* SBJsonWriter.h */,
				3EAE7F67129EED5700C9FA31 /* SBJsonWriter.m */,
			);
			name = SBJSON;
			sourceTree = "<group>";
		};
		3EAFFBEC129EEB32004D0AFB /* ASIHTTPRequest */ = {
			isa = PBXGroup;
			children = (
				3EAFFBEF129EEB32004D0AFB /* ASICacheDelegate.h */,
				3EAFFBF0129EEB32004D0AFB /* ASIDataCompressor.h */,
				3EAFFBF1129EEB32004D0AFB /* ASIDataCompressor.m */,
				3EAFFBF2129EEB32004D0AFB /* ASIDataDecompressor.h */,
				3EAFFBF3129EEB32004D0AFB /* ASIDataDecompressor.m */,
				3EAFFBF4129EEB32004D0AFB /* ASIDownloadCache.h */,
				3EAFFBF5129EEB32004D0AFB /* ASIDownloadCache.m */,
				3EAFFBF6129EEB32004D0AFB /* ASIFormDataRequest.h */,
				3EAFFBF7129EEB32004D0AFB /* ASIFormDataRequest.m */,
				3EAFFBF8129EEB32004D0AFB /* ASIHTTPRequest.h */,
				3EAFFBF9129EEB32004D0AFB /* ASIHTTPRequest.m */,
				3EAFFBFA129EEB32004D0AFB /* ASIHTTPRequestConfig.h */,
				3EAFFBFB129EEB32004D0AFB /* ASIHTTPRequestDelegate.h */,
				3EAFFBFC129EEB32004D0AFB /* ASIInputStream.h */,
				3EAFFBFD129EEB32004D0AFB /* ASIInputStream.m */,
				3EAFFBFE129EEB32004D0AFB /* ASINetworkQueue.h */,
				3EAFFBFF129EEB32004D0AFB /* ASINetworkQueue.m */,
				3EAFFC00129EEB32004D0AFB /* ASIProgressDelegate.h */,
				3EAFFC01129EEB32004D0AFB /* ASIWebPageRequest.h */,
				3EAFFC02129EEB32004D0AFB /* ASIWebPageRequest.m */,
				3EAFFC03129EEB32004D0AFB /* CloudFiles */,
				3EAFFC12129EEB32004D0AFB /* S3 */,
			);
			path = ASIHTTPRequest;
			sourceTree = "<group>";
		};
		3EAFFC03129EEB32004D0AFB /* CloudFiles */ = {
			isa = PBXGroup;
			children = (
				3EAFFC04129EEB32004D0AFB /* ASICloudFilesCDNRequest.h */,
				3EAFFC05129EEB32004D0AFB /* ASICloudFilesCDNRequest.m */,
				3EAFFC06129EEB32004D0AFB /* ASICloudFilesContainer.h */,
				3EAFFC07129EEB32004D0AFB /* ASICloudFilesContainer.m */,
				3EAFFC08129EEB32004D0AFB /* ASICloudFilesContainerRequest.h */,
				3EAFFC09129EEB32004D0AFB /* ASICloudFilesContainerRequest.m */,
				3EAFFC0A129EEB32004D0AFB /* ASICloudFilesContainerXMLParserDelegate.h */,
				3EAFFC0B129EEB32004D0AFB /* ASICloudFilesContainerXMLParserDelegate.m */,
				3EAFFC0C129EEB32004D0AFB /* ASICloudFilesObject.h */,
				3EAFFC0D129EEB32004D0AFB /* ASICloudFilesObject.m */,
				3EAFFC0E129EEB32004D0AFB /* ASICloudFilesObjectRequest.h */,
				3EAFFC0F129EEB32004D0AFB /* ASICloudFilesObjectRequest.m */,
				3EAFFC10129EEB32004D0AFB /* ASICloudFilesRequest.h */,
				3EAFFC11129EEB32004D0AFB /* ASICloudFilesRequest.m */,
			);
			path = CloudFiles;
			sourceTree = "<group>";
		};
		3EAFFC12129EEB32004D0AFB /* S3 */ = {
			isa = PBXGroup;
			children = (
				3EAFFC13129EEB32004D0AFB /* ASINSXMLParserCompat.h */,
				3EAFFC14129EEB32004D0AFB /* ASIS3Bucket.h */,
				3EAFFC15129EEB32004D0AFB /* ASIS3Bucket.m */,
				3EAFFC16129EEB32004D0AFB /* ASIS3BucketObject.h */,
				3EAFFC17129EEB32004D0AFB /* ASIS3BucketObject.m */,
				3EAFFC18129EEB32004D0AFB /* ASIS3BucketRequest.h */,
				3EAFFC19129EEB32004D0AFB /* ASIS3BucketRequest.m */,
				3EAFFC1A129EEB32004D0AFB /* ASIS3ObjectRequest.h */,
				3EAFFC1B129EEB32004D0AFB /* ASIS3ObjectRequest.m */,
				3EAFFC1C129EEB32004D0AFB /* ASIS3Request.h */,
				3EAFFC1D129EEB32004D0AFB /* ASIS3Request.m */,
				3EAFFC1E129EEB32004D0AFB /* ASIS3ServiceRequest.h */,
				3EAFFC1F129EEB32004D0AFB /* ASIS3ServiceRequest.m */,
			);
			path = S3;
			sourceTree = "<group>";
		};
		3ED3CD99129E0A20008BE728 /* XMPP */ = {
			isa = PBXGroup;
			children = (
				3ED3CDD5129E0A20008BE728 /* Extensions */,
				3ED3CDC7129E0A20008BE728 /* Roster */,
				3ED3CDB3129E0A20008BE728 /* Core */,
				3ED3CDAB129E0A20008BE728 /* Utilities */,
				3ED3CDA4129E0A20008BE728 /* Categories */,
				3ED3CD9A129E0A20008BE728 /* Vendor */,
			);
			name = XMPP;
			sourceTree = "<group>";
		};
		3ED3CD9A129E0A20008BE728 /* Vendor */ = {
			isa = PBXGroup;
			children = (
				3ED3CDA1129E0A20008BE728 /* TCP */,
				3ED3CD9E129E0A20008BE728 /* IDN */,
				3ED3CD9B129E0A20008BE728 /* Crypto */,
			);
			name = Vendor;
			sourceTree = "<group>";
		};
		3ED3CD9B129E0A20008BE728 /* Crypto */ = {
			isa = PBXGroup;
			children = (
				3ED3CD9C129E0A20008BE728 /* SSCrypto.h */,
				3ED3CD9D129E0A20008BE728 /* SSCrypto.m */,
			);
			name = Crypto;
			sourceTree = "<group>";
		};
		3ED3CD9E129E0A20008BE728 /* IDN */ = {
			isa = PBXGroup;
			children = (
				3ED3CD9F129E0A20008BE728 /* idn-int.h */,
				3ED3CDA0129E0A20008BE728 /* stringprep.h */,
			);
			name = IDN;
			sourceTree = "<group>";
		};
		3ED3CDA1129E0A20008BE728 /* TCP */ = {
			isa = PBXGroup;
			children = (
				3ED3CDA2129E0A20008BE728 /* AsyncSocket.h */,
				3ED3CDA3129E0A20008BE728 /* AsyncSocket.m */,
			);
			name = TCP;
			sourceTree = "<group>";
		};
		3ED3CDA4129E0A20008BE728 /* Categories */ = {
			isa = PBXGroup;
			children = (
				3ED3CDA5129E0A20008BE728 /* DDNumber.h */,
				3ED3CDA6129E0A20008BE728 /* DDNumber.m */,
				3ED3CDA7129E0A20008BE728 /* NSDataAdditions.h */,
				3ED3CDA8129E0A20008BE728 /* NSDataAdditions.m */,
				3ED3CDA9129E0A20008BE728 /* NSXMLElementAdditions.h */,
				3ED3CDAA129E0A20008BE728 /* NSXMLElementAdditions.m */,
			);
			name = Categories;
			sourceTree = "<group>";
		};
		3ED3CDAB129E0A20008BE728 /* Utilities */ = {
			isa = PBXGroup;
			children = (
				3ED3CDAC129E0A20008BE728 /* DDLog.h */,
				3ED3CDAD129E0A20008BE728 /* LibIDN.h */,
				3ED3CDAE129E0A20008BE728 /* LibIDN.m */,
				3ED3CDAF129E0A20008BE728 /* MulticastDelegate.h */,
				3ED3CDB0129E0A20008BE728 /* MulticastDelegate.m */,
				3ED3CDB1129E0A20008BE728 /* RFSRVResolver.h */,
				3ED3CDB2129E0A20008BE728 /* RFSRVResolver.m */,
			);
			name = Utilities;
			sourceTree = "<group>";
		};
		3ED3CDB3129E0A20008BE728 /* Core */ = {
			isa = PBXGroup;
			children = (
				3ED3CDB4129E0A20008BE728 /* XMPP.h */,
				3ED3CDB5129E0A20008BE728 /* XMPPParser.h */,
				3ED3CDB6129E0A20008BE728 /* XMPPParser.m */,
				3ED3CDB7129E0A20008BE728 /* XMPPStream.h */,
				3ED3CDB8129E0A20008BE728 /* XMPPStream.m */,
				3ED3CDB9129E0A20008BE728 /* XMPPJID.h */,
				3ED3CDBA129E0A20008BE728 /* XMPPJID.m */,
				3ED3CDBB129E0A20008BE728 /* XMPPElement.h */,
				3ED3CDBC129E0A20008BE728 /* XMPPElement.m */,
				3ED3CDBD129E0A20008BE728 /* XMPPIQ.h */,
				3ED3CDBE129E0A20008BE728 /* XMPPIQ.m */,
				3ED3CDBF129E0A20008BE728 /* XMPPMessage.h */,
				3ED3CDC0129E0A20008BE728 /* XMPPMessage.m */,
				3ED3CDC1129E0A20008BE728 /* XMPPPresence.h */,
				3ED3CDC2129E0A20008BE728 /* XMPPPresence.m */,
				3ED3CDC3129E0A20008BE728 /* XMPPReconnect.h */,
				3ED3CDC4129E0A20008BE728 /* XMPPReconnect.m */,
				3ED3CDC5129E0A20008BE728 /* XMPPModule.h */,
				3ED3CDC6129E0A20008BE728 /* XMPPModule.m */,
			);
			name = Core;
			sourceTree = "<group>";
		};
		3ED3CDC7129E0A20008BE728 /* Roster */ = {
			isa = PBXGroup;
			children = (
				3ED3CDCE129E0A20008BE728 /* MemoryStorage */,
				3ED3CDCC129E0A20008BE728 /* Private */,
				3ED3CDC8129E0A20008BE728 /* XMPPRoster.h */,
				3ED3CDC9129E0A20008BE728 /* XMPPRoster.m */,
				3ED3CDCA129E0A20008BE728 /* XMPPUser.h */,
				3ED3CDCB129E0A20008BE728 /* XMPPResource.h */,
			);
			name = Roster;
			sourceTree = "<group>";
		};
		3ED3CDCC129E0A20008BE728 /* Private */ = {
			isa = PBXGroup;
			children = (
				3ED3CDCD129E0A20008BE728 /* XMPPRosterPrivate.h */,
			);
			name = Private;
			sourceTree = "<group>";
		};
		3ED3CDCE129E0A20008BE728 /* MemoryStorage */ = {
			isa = PBXGroup;
			children = (
				3ED3CDCF129E0A20008BE728 /* XMPPRosterMemoryStorage.h */,
				3ED3CDD0129E0A20008BE728 /* XMPPRosterMemoryStorage.m */,
				3ED3CDD1129E0A20008BE728 /* XMPPUserMemoryStorage.h */,
				3ED3CDD2129E0A20008BE728 /* XMPPUserMemoryStorage.m */,
				3ED3CDD3129E0A20008BE728 /* XMPPResourceMemoryStorage.h */,
				3ED3CDD4129E0A20008BE728 /* XMPPResourceMemoryStorage.m */,
			);
			name = MemoryStorage;
			sourceTree = "<group>";
		};
		3ED3CDD5129E0A20008BE728 /* Extensions */ = {
			isa = PBXGroup;
			children = (
				3ED3CDF3129E0A20008BE728 /* XEP-0203 */,
				3ED3CDF0129E0A20008BE728 /* XEP-0202 */,
				3ED3CDED129E0A20008BE728 /* XEP-0199 */,
				3ED3CDE2129E0A20008BE728 /* XEP-0115 */,
				3ED3CDDF129E0A20008BE728 /* XEP-0100 */,
				3ED3CDDC129E0A20008BE728 /* XEP-0065 */,
				3ED3CDD9129E0A20008BE728 /* XEP-0060 */,
				3ED3CDD6129E0A20008BE728 /* XEP-0082 */,
			);
			name = Extensions;
			sourceTree = "<group>";
		};
		3ED3CDD6129E0A20008BE728 /* XEP-0082 */ = {
			isa = PBXGroup;
			children = (
				3ED3CDD7129E0A20008BE728 /* XMPPDateTimeProfiles.h */,
				3ED3CDD8129E0A20008BE728 /* XMPPDateTimeProfiles.m */,
			);
			name = "XEP-0082";
			sourceTree = "<group>";
		};
		3ED3CDD9129E0A20008BE728 /* XEP-0060 */ = {
			isa = PBXGroup;
			children = (
				3ED3CDDA129E0A20008BE728 /* XMPPPubSub.h */,
				3ED3CDDB129E0A20008BE728 /* XMPPPubSub.m */,
			);
			name = "XEP-0060";
			sourceTree = "<group>";
		};
		3ED3CDDC129E0A20008BE728 /* XEP-0065 */ = {
			isa = PBXGroup;
			children = (
				3ED3CDDD129E0A20008BE728 /* TURNSocket.h */,
				3ED3CDDE129E0A20008BE728 /* TURNSocket.m */,
			);
			name = "XEP-0065";
			sourceTree = "<group>";
		};
		3ED3CDDF129E0A20008BE728 /* XEP-0100 */ = {
			isa = PBXGroup;
			children = (
				3ED3CDE0129E0A20008BE728 /* XMPPTransports.h */,
				3ED3CDE1129E0A20008BE728 /* XMPPTransports.m */,
			);
			name = "XEP-0100";
			sourceTree = "<group>";
		};
		3ED3CDE2129E0A20008BE728 /* XEP-0115 */ = {
			isa = PBXGroup;
			children = (
				3ED3CDE5129E0A20008BE728 /* Core Data Storage */,
				3ED3CDE3129E0A20008BE728 /* XMPPCapabilities.h */,
				3ED3CDE4129E0A20008BE728 /* XMPPCapabilities.m */,
			);
			name = "XEP-0115";
			sourceTree = "<group>";
		};
		3ED3CDE5129E0A20008BE728 /* Core Data Storage */ = {
			isa = PBXGroup;
			children = (
				3ED3CDE6129E0A20008BE728 /* XMPPCapabilitiesCoreDataStorage.h */,
				3ED3CDE7129E0A20008BE728 /* XMPPCapabilitiesCoreDataStorage.m */,
				3ED3CDE8129E0A20008BE728 /* XMPPCapabilities.xcdatamodel */,
				3ED3CDE9129E0A20008BE728 /* XMPPCapsCoreDataStorageObject.h */,
				3ED3CDEA129E0A20008BE728 /* XMPPCapsCoreDataStorageObject.m */,
				3ED3CDEB129E0A20008BE728 /* XMPPCapsResourceCoreDataStorageObject.h */,
				3ED3CDEC129E0A20008BE728 /* XMPPCapsResourceCoreDataStorageObject.m */,
			);
			name = "Core Data Storage";
			sourceTree = "<group>";
		};
		3ED3CDED129E0A20008BE728 /* XEP-0199 */ = {
			isa = PBXGroup;
			children = (
				3ED3CDEE129E0A20008BE728 /* XMPPPing.h */,
				3ED3CDEF129E0A20008BE728 /* XMPPPing.m */,
			);
			name = "XEP-0199";
			sourceTree = "<group>";
		};
		3ED3CDF0129E0A20008BE728 /* XEP-0202 */ = {
			isa = PBXGroup;
			children = (
				3ED3CDF1129E0A20008BE728 /* XMPPTime.h */,
				3ED3CDF2129E0A20008BE728 /* XMPPTime.m */,
			);
			name = "XEP-0202";
			sourceTree = "<group>";
		};
		3ED3CDF3129E0A20008BE728 /* XEP-0203 */ = {
			isa = PBXGroup;
			children = (
				3ED3CDF4129E0A20008BE728 /* XMPPElement+Delay.h */,
				3ED3CDF5129E0A20008BE728 /* XMPPElement+Delay.m */,
			);
			name = "XEP-0203";
			sourceTree = "<group>";
		};
/* End PBXGroup section */

/* Begin PBXNativeTarget section */
		8D1107260486CEB800E47090 /* OhThou */ = {
			isa = PBXNativeTarget;
			buildConfigurationList = C01FCF4A08A954540054247B /* Build configuration list for PBXNativeTarget "OhThou" */;
			buildPhases = (
				8D1107290486CEB800E47090 /* Resources */,
				8D11072C0486CEB800E47090 /* Sources */,
				8D11072E0486CEB800E47090 /* Frameworks */,
				3EAFFAF3129ED370004D0AFB /* CopyFiles */,
			);
			buildRules = (
			);
			dependencies = (
			);
			name = OhThou;
			productInstallPath = "$(HOME)/Applications";
			productName = OhThou;
			productReference = 8D1107320486CEB800E47090 /* OhThou.app */;
			productType = "com.apple.product-type.application";
		};
/* End PBXNativeTarget section */

/* Begin PBXProject section */
		29B97313FDCFA39411CA2CEA /* Project object */ = {
			isa = PBXProject;
			buildConfigurationList = C01FCF4E08A954540054247B /* Build configuration list for PBXProject "OhThou" */;
			compatibilityVersion = "Xcode 3.1";
			developmentRegion = English;
			hasScannedForEncodings = 1;
			knownRegions = (
				English,
				Japanese,
				French,
				German,
			);
			mainGroup = 29B97314FDCFA39411CA2CEA /* OhThou */;
			projectDirPath = "";
			projectRoot = "";
			targets = (
				8D1107260486CEB800E47090 /* OhThou */,
			);
		};
/* End PBXProject section */

/* Begin PBXResourcesBuildPhase section */
		8D1107290486CEB800E47090 /* Resources */ = {
			isa = PBXResourcesBuildPhase;
			buildActionMask = 2147483647;
			files = (
				8D11072B0486CEB800E47090 /* InfoPlist.strings in Resources */,
				1DDD58160DA1D0A300B32029 /* MainMenu.xib in Resources */,
				3EAE8031129F00CC00C9FA31 /* AcceptPartnerWindow.xib in Resources */,
				3EAE8168129F0F4500C9FA31 /* (h).png in Resources */,
				3E53D698129F250400418D77 /* (h)_5.png in Resources */,
				3E53D699129F250400418D77 /* (h)_6.png in Resources */,
				3E53D69A129F250400418D77 /* (h)_7.png in Resources */,
				3E53D69B129F250400418D77 /* (h)_8.png in Resources */,
				3E53D69C129F250400418D77 /* (h)_9.png in Resources */,
				3E53D69D129F250400418D77 /* (h)_10.png in Resources */,
				3E53D6A3129F256400418D77 /* (h)_offline.png in Resources */,
				3EDFD60B129F6E44001059B8 /* heart.icns in Resources */,
				3EDFD66A129F81DD001059B8 /* hearts_together.png in Resources */,
				3E61E12212A021460004710B /* doubleheart.icns in Resources */,
			);
			runOnlyForDeploymentPostprocessing = 0;
		};
/* End PBXResourcesBuildPhase section */

/* Begin PBXSourcesBuildPhase section */
		8D11072C0486CEB800E47090 /* Sources */ = {
			isa = PBXSourcesBuildPhase;
			buildActionMask = 2147483647;
			files = (
				8D11072D0486CEB800E47090 /* main.m in Sources */,
				256AC3DA0F4B6AC300CF3369 /* OhThouAppDelegate.m in Sources */,
				3ED3CDF6129E0A20008BE728 /* SSCrypto.m in Sources */,
				3ED3CDF7129E0A20008BE728 /* AsyncSocket.m in Sources */,
				3ED3CDF8129E0A20008BE728 /* DDNumber.m in Sources */,
				3ED3CDF9129E0A20008BE728 /* NSDataAdditions.m in Sources */,
				3ED3CDFA129E0A20008BE728 /* NSXMLElementAdditions.m in Sources */,
				3ED3CDFB129E0A20008BE728 /* LibIDN.m in Sources */,
				3ED3CDFC129E0A20008BE728 /* MulticastDelegate.m in Sources */,
				3ED3CDFD129E0A20008BE728 /* RFSRVResolver.m in Sources */,
				3ED3CDFE129E0A20008BE728 /* XMPPParser.m in Sources */,
				3ED3CDFF129E0A20008BE728 /* XMPPStream.m in Sources */,
				3ED3CE00129E0A20008BE728 /* XMPPJID.m in Sources */,
				3ED3CE01129E0A20008BE728 /* XMPPElement.m in Sources */,
				3ED3CE02129E0A20008BE728 /* XMPPIQ.m in Sources */,
				3ED3CE03129E0A20008BE728 /* XMPPMessage.m in Sources */,
				3ED3CE04129E0A20008BE728 /* XMPPPresence.m in Sources */,
				3ED3CE05129E0A20008BE728 /* XMPPReconnect.m in Sources */,
				3ED3CE06129E0A20008BE728 /* XMPPModule.m in Sources */,
				3ED3CE07129E0A20008BE728 /* XMPPRoster.m in Sources */,
				3ED3CE08129E0A20008BE728 /* XMPPRosterMemoryStorage.m in Sources */,
				3ED3CE09129E0A20008BE728 /* XMPPUserMemoryStorage.m in Sources */,
				3ED3CE0A129E0A20008BE728 /* XMPPResourceMemoryStorage.m in Sources */,
				3ED3CE0B129E0A20008BE728 /* XMPPDateTimeProfiles.m in Sources */,
				3ED3CE0C129E0A20008BE728 /* XMPPPubSub.m in Sources */,
				3ED3CE0D129E0A20008BE728 /* TURNSocket.m in Sources */,
				3ED3CE0E129E0A20008BE728 /* XMPPTransports.m in Sources */,
				3ED3CE0F129E0A20008BE728 /* XMPPCapabilities.m in Sources */,
				3ED3CE10129E0A20008BE728 /* XMPPCapabilitiesCoreDataStorage.m in Sources */,
				3ED3CE11129E0A20008BE728 /* XMPPCapabilities.xcdatamodel in Sources */,
				3ED3CE12129E0A20008BE728 /* XMPPCapsCoreDataStorageObject.m in Sources */,
				3ED3CE13129E0A20008BE728 /* XMPPCapsResourceCoreDataStorageObject.m in Sources */,
				3ED3CE14129E0A20008BE728 /* XMPPPing.m in Sources */,
				3ED3CE15129E0A20008BE728 /* XMPPTime.m in Sources */,
				3ED3CE16129E0A20008BE728 /* XMPPElement+Delay.m in Sources */,
				3E3EEACB129E10D80068D3BE /* XMPPManager.m in Sources */,
				3EAFFC21129EEB32004D0AFB /* ASIDataCompressor.m in Sources */,
				3EAFFC22129EEB32004D0AFB /* ASIDataDecompressor.m in Sources */,
				3EAFFC23129EEB32004D0AFB /* ASIDownloadCache.m in Sources */,
				3EAFFC24129EEB32004D0AFB /* ASIFormDataRequest.m in Sources */,
				3EAFFC25129EEB32004D0AFB /* ASIHTTPRequest.m in Sources */,
				3EAFFC26129EEB32004D0AFB /* ASIInputStream.m in Sources */,
				3EAFFC27129EEB32004D0AFB /* ASINetworkQueue.m in Sources */,
				3EAFFC28129EEB32004D0AFB /* ASIWebPageRequest.m in Sources */,
				3EAFFC29129EEB32004D0AFB /* ASICloudFilesCDNRequest.m in Sources */,
				3EAFFC2A129EEB32004D0AFB /* ASICloudFilesContainer.m in Sources */,
				3EAFFC2B129EEB32004D0AFB /* ASICloudFilesContainerRequest.m in Sources */,
				3EAFFC2C129EEB32004D0AFB /* ASICloudFilesContainerXMLParserDelegate.m in Sources */,
				3EAFFC2D129EEB32004D0AFB /* ASICloudFilesObject.m in Sources */,
				3EAFFC2E129EEB32004D0AFB /* ASICloudFilesObjectRequest.m in Sources */,
				3EAFFC2F129EEB32004D0AFB /* ASICloudFilesRequest.m in Sources */,
				3EAFFC30129EEB32004D0AFB /* ASIS3Bucket.m in Sources */,
				3EAFFC31129EEB32004D0AFB /* ASIS3BucketObject.m in Sources */,
				3EAFFC32129EEB32004D0AFB /* ASIS3BucketRequest.m in Sources */,
				3EAFFC33129EEB32004D0AFB /* ASIS3ObjectRequest.m in Sources */,
				3EAFFC34129EEB32004D0AFB /* ASIS3Request.m in Sources */,
				3EAFFC35129EEB32004D0AFB /* ASIS3ServiceRequest.m in Sources */,
				3EAE7F68129EED5700C9FA31 /* NSObject+SBJSON.m in Sources */,
				3EAE7F69129EED5700C9FA31 /* NSString+SBJSON.m in Sources */,
				3EAE7F6A129EED5700C9FA31 /* SBJsonBase.m in Sources */,
				3EAE7F6B129EED5700C9FA31 /* SBJsonParser.m in Sources */,
				3EAE7F6C129EED5700C9FA31 /* SBJsonWriter.m in Sources */,
				3EAE802F129F00BC00C9FA31 /* AcceptPartnerWindowController.m in Sources */,
				3EAE81FA129F149900C9FA31 /* Friend.m in Sources */,
			);
			runOnlyForDeploymentPostprocessing = 0;
		};
/* End PBXSourcesBuildPhase section */

/* Begin PBXVariantGroup section */
		089C165CFE840E0CC02AAC07 /* InfoPlist.strings */ = {
			isa = PBXVariantGroup;
			children = (
				089C165DFE840E0CC02AAC07 /* English */,
			);
			name = InfoPlist.strings;
			sourceTree = "<group>";
		};
		1DDD58140DA1D0A300B32029 /* MainMenu.xib */ = {
			isa = PBXVariantGroup;
			children = (
				1DDD58150DA1D0A300B32029 /* English */,
			);
			name = MainMenu.xib;
			sourceTree = "<group>";
		};
/* End PBXVariantGroup section */

/* Begin XCBuildConfiguration section */
		C01FCF4B08A954540054247B /* Debug */ = {
			isa = XCBuildConfiguration;
			buildSettings = {
				ALWAYS_SEARCH_USER_PATHS = NO;
				ARCHS = "$(ARCHS_STANDARD_32_BIT)";
				COPY_PHASE_STRIP = NO;
				FRAMEWORK_SEARCH_PATHS = (
					"$(inherited)",
					"\"$(SRCROOT)/BWToolkit\"",
				);
				GCC_DYNAMIC_NO_PIC = NO;
				GCC_ENABLE_FIX_AND_CONTINUE = YES;
				GCC_MODEL_TUNING = G5;
				GCC_OPTIMIZATION_LEVEL = 0;
				GCC_PRECOMPILE_PREFIX_HEADER = YES;
				GCC_PREFIX_HEADER = OhThou_Prefix.pch;
				HEADER_SEARCH_PATHS = /usr/include/libxml2;
				INFOPLIST_FILE = "OhThou-Info.plist";
				INSTALL_PATH = "$(HOME)/Applications";
				LIBRARY_SEARCH_PATHS = (
					"$(inherited)",
					"\"$(SRCROOT)\"",
					"$(LIBRARY_SEARCH_PATHS_QUOTED_FOR_TARGET_1)",
				);
				PRODUCT_NAME = OhThou;
			};
			name = Debug;
		};
		C01FCF4C08A954540054247B /* Release */ = {
			isa = XCBuildConfiguration;
			buildSettings = {
				ALWAYS_SEARCH_USER_PATHS = NO;
				DEBUG_INFORMATION_FORMAT = "dwarf-with-dsym";
				FRAMEWORK_SEARCH_PATHS = (
					"$(inherited)",
					"\"$(SRCROOT)/BWToolkit\"",
				);
				GCC_MODEL_TUNING = G5;
				GCC_PRECOMPILE_PREFIX_HEADER = YES;
				GCC_PREFIX_HEADER = OhThou_Prefix.pch;
				HEADER_SEARCH_PATHS = /usr/include/libxml2;
				INFOPLIST_FILE = "OhThou-Info.plist";
				INSTALL_PATH = "$(HOME)/Applications";
				LIBRARY_SEARCH_PATHS = (
					"$(inherited)",
					"\"$(SRCROOT)\"",
				);
				PRODUCT_NAME = OhThou;
			};
			name = Release;
		};
		C01FCF4F08A954540054247B /* Debug */ = {
			isa = XCBuildConfiguration;
			buildSettings = {
				ARCHS = "$(ARCHS_STANDARD_32_64_BIT)";
				GCC_C_LANGUAGE_STANDARD = gnu99;
				GCC_ENABLE_OBJC_GC = required;
				GCC_OPTIMIZATION_LEVEL = 0;
				GCC_WARN_ABOUT_RETURN_TYPE = YES;
				GCC_WARN_UNUSED_VARIABLE = YES;
				ONLY_ACTIVE_ARCH = YES;
				PREBINDING = NO;
				SDKROOT = macosx10.6;
			};
			name = Debug;
		};
		C01FCF5008A954540054247B /* Release */ = {
			isa = XCBuildConfiguration;
			buildSettings = {
				ARCHS = "$(ARCHS_STANDARD_32_64_BIT)";
				GCC_C_LANGUAGE_STANDARD = gnu99;
				GCC_ENABLE_OBJC_GC = required;
				GCC_WARN_ABOUT_RETURN_TYPE = YES;
				GCC_WARN_UNUSED_VARIABLE = YES;
				PREBINDING = NO;
				SDKROOT = macosx10.6;
			};
			name = Release;
		};
/* End XCBuildConfiguration section */

/* Begin XCConfigurationList section */
		C01FCF4A08A954540054247B /* Build configuration list for PBXNativeTarget "OhThou" */ = {
			isa = XCConfigurationList;
			buildConfigurations = (
				C01FCF4B08A954540054247B /* Debug */,
				C01FCF4C08A954540054247B /* Release */,
			);
			defaultConfigurationIsVisible = 0;
			defaultConfigurationName = Release;
		};
		C01FCF4E08A954540054247B /* Build configuration list for PBXProject "OhThou" */ = {
			isa = XCConfigurationList;
			buildConfigurations = (
				C01FCF4F08A954540054247B /* Debug */,
				C01FCF5008A954540054247B /* Release */,
			);
			defaultConfigurationIsVisible = 0;
			defaultConfigurationName = Release;
		};
/* End XCConfigurationList section */
	};
	rootObject = 29B97313FDCFA39411CA2CEA /* Project object */;
}
